// !$*UTF8*$!
{
	archiveVersion = 1;
	classes = {
	};
	objectVersion = 46;
	objects = {

/* Begin PBXBuildFile section */
		F92F7C1B1B15FB8C003E7426 /* main.cpp in Sources */ = {isa = PBXBuildFile; fileRef = F92F7C191B15FB8C003E7426 /* main.cpp */; };
		F92F7C9B1B160544003E7426 /* libopencv_imgproc.dylib in Frameworks */ = {isa = PBXBuildFile; fileRef = F92F7C9A1B160544003E7426 /* libopencv_imgproc.dylib */; };
		F92F7C9D1B160577003E7426 /* libopencv_core.dylib in Frameworks */ = {isa = PBXBuildFile; fileRef = F92F7C9C1B160577003E7426 /* libopencv_core.dylib */; };
		F92F7CA11B185D12003E7426 /* libopencv_highgui.dylib in Frameworks */ = {isa = PBXBuildFile; fileRef = F92F7CA01B185D12003E7426 /* libopencv_highgui.dylib */; };
/* End PBXBuildFile section */

/* Begin PBXCopyFilesBuildPhase section */
		F92F7C071B15FB32003E7426 /* CopyFiles */ = {
			isa = PBXCopyFilesBuildPhase;
			buildActionMask = 2147483647;
			dstPath = /usr/share/man/man1/;
			dstSubfolderSpec = 0;
			files = (
			);
			runOnlyForDeploymentPostprocessing = 1;
		};
/* End PBXCopyFilesBuildPhase section */

/* Begin PBXFileReference section */
		F92F7C091B15FB32003E7426 /* frame_number */ = {isa = PBXFileReference; explicitFileType = "compiled.mach-o.executable"; includeInIndex = 0; path = frame_number; sourceTree = BUILT_PRODUCTS_DIR; };
		F92F7C191B15FB8C003E7426 /* main.cpp */ = {isa = PBXFileReference; fileEncoding = 4; lastKnownFileType = sourcecode.cpp.cpp; path = main.cpp; sourceTree = "<group>"; };
		F92F7C1A1B15FB8C003E7426 /* wscript */ = {isa = PBXFileReference; fileEncoding = 4; lastKnownFileType = text; path = wscript; sourceTree = "<group>"; };
		F92F7C9A1B160544003E7426 /* libopencv_imgproc.dylib */ = {isa = PBXFileReference; lastKnownFileType = "compiled.mach-o.dylib"; name = libopencv_imgproc.dylib; path = /usr/local/lib/libopencv_imgproc.dylib; sourceTree = "<absolute>"; };
		F92F7C9C1B160577003E7426 /* libopencv_core.dylib */ = {isa = PBXFileReference; lastKnownFileType = "compiled.mach-o.dylib"; name = libopencv_core.dylib; path = /usr/local/lib/libopencv_core.dylib; sourceTree = "<absolute>"; };
		F92F7C9E1B16A934003E7426 /* waf */ = {isa = PBXFileReference; explicitFileType = text.script.python; fileEncoding = 2; lineEnding = 2; path = waf; sourceTree = "<group>"; };
		F92F7C9F1B16A934003E7426 /* wscript */ = {isa = PBXFileReference; explicitFileType = text.script.python; fileEncoding = 4; path = wscript; sourceTree = "<group>"; };
		F92F7CA01B185D12003E7426 /* libopencv_highgui.dylib */ = {isa = PBXFileReference; lastKnownFileType = "compiled.mach-o.dylib"; name = libopencv_highgui.dylib; path = /usr/local/lib/libopencv_highgui.dylib; sourceTree = "<absolute>"; };
/* End PBXFileReference section */

/* Begin PBXFrameworksBuildPhase section */
		F92F7C061B15FB32003E7426 /* Frameworks */ = {
			isa = PBXFrameworksBuildPhase;
			buildActionMask = 2147483647;
			files = (
				F92F7C9B1B160544003E7426 /* libopencv_imgproc.dylib in Frameworks */,
				F92F7C9D1B160577003E7426 /* libopencv_core.dylib in Frameworks */,
				F92F7CA11B185D12003E7426 /* libopencv_highgui.dylib in Frameworks */,
			);
			runOnlyForDeploymentPostprocessing = 0;
		};
/* End PBXFrameworksBuildPhase section */

/* Begin PBXGroup section */
		F92F7C001B15FB32003E7426 = {
			isa = PBXGroup;
			children = (
				F96329BE1B62813500B396F6 /* lib */,
				F92F7C181B15FB8C003E7426 /* src */,
				F92F7C0A1B15FB32003E7426 /* Products */,
				F92F7C9E1B16A934003E7426 /* waf */,
				F92F7C9F1B16A934003E7426 /* wscript */,
			);
			sourceTree = "<group>";
		};
		F92F7C0A1B15FB32003E7426 /* Products */ = {
			isa = PBXGroup;
			children = (
				F92F7C091B15FB32003E7426 /* frame_number */,
			);
			name = Products;
			sourceTree = "<group>";
		};
		F92F7C181B15FB8C003E7426 /* src */ = {
			isa = PBXGroup;
			children = (
				F92F7C191B15FB8C003E7426 /* main.cpp */,
				F92F7C1A1B15FB8C003E7426 /* wscript */,
			);
			path = src;
			sourceTree = "<group>";
		};
		F96329BE1B62813500B396F6 /* lib */ = {
			isa = PBXGroup;
			children = (
				F92F7C9C1B160577003E7426 /* libopencv_core.dylib */,
				F92F7C9A1B160544003E7426 /* libopencv_imgproc.dylib */,
				F92F7CA01B185D12003E7426 /* libopencv_highgui.dylib */,
			);
			name = lib;
			sourceTree = "<group>";
		};
/* End PBXGroup section */

/* Begin PBXNativeTarget section */
		F92F7C081B15FB32003E7426 /* frame_number */ = {
			isa = PBXNativeTarget;
			buildConfigurationList = F92F7C101B15FB32003E7426 /* Build configuration list for PBXNativeTarget "frame_number" */;
			buildPhases = (
				F92F7C051B15FB32003E7426 /* Sources */,
				F92F7C061B15FB32003E7426 /* Frameworks */,
				F92F7C071B15FB32003E7426 /* CopyFiles */,
			);
			buildRules = (
			);
			dependencies = (
			);
			name = frame_number;
			productName = interframediff;
			productReference = F92F7C091B15FB32003E7426 /* frame_number */;
			productType = "com.apple.product-type.tool";
		};
/* End PBXNativeTarget section */

/* Begin PBXProject section */
		F92F7C011B15FB32003E7426 /* Project object */ = {
			isa = PBXProject;
			attributes = {
				LastUpgradeCheck = 0710;
				ORGANIZATIONNAME = "IS-Lab";
				TargetAttributes = {
					F92F7C081B15FB32003E7426 = {
						CreatedOnToolsVersion = 6.3.2;
					};
				};
			};
			buildConfigurationList = F92F7C041B15FB32003E7426 /* Build configuration list for PBXProject "frame_number" */;
			compatibilityVersion = "Xcode 3.2";
			developmentRegion = English;
			hasScannedForEncodings = 0;
			knownRegions = (
				en,
			);
			mainGroup = F92F7C001B15FB32003E7426;
			productRefGroup = F92F7C0A1B15FB32003E7426 /* Products */;
			projectDirPath = "";
			projectRoot = "";
			targets = (
				F92F7C081B15FB32003E7426 /* frame_number */,
			);
		};
/* End PBXProject section */

/* Begin PBXSourcesBuildPhase section */
		F92F7C051B15FB32003E7426 /* Sources */ = {
			isa = PBXSourcesBuildPhase;
			buildActionMask = 2147483647;
			files = (
				F92F7C1B1B15FB8C003E7426 /* main.cpp in Sources */,
			);
			runOnlyForDeploymentPostprocessing = 0;
		};
/* End PBXSourcesBuildPhase section */

/* Begin XCBuildConfiguration section */
		F92F7C0E1B15FB32003E7426 /* Debug */ = {
			isa = XCBuildConfiguration;
			buildSettings = {
				ALWAYS_SEARCH_USER_PATHS = NO;
				CLANG_CXX_LANGUAGE_STANDARD = "gnu++0x";
				CLANG_CXX_LIBRARY = "libc++";
				CLANG_ENABLE_MODULES = YES;
				CLANG_ENABLE_OBJC_ARC = YES;
				CLANG_WARN_BOOL_CONVERSION = YES;
				CLANG_WARN_CONSTANT_CONVERSION = YES;
				CLANG_WARN_DIRECT_OBJC_ISA_USAGE = YES_ERROR;
				CLANG_WARN_EMPTY_BODY = YES;
				CLANG_WARN_ENUM_CONVERSION = YES;
				CLANG_WARN_INT_CONVERSION = YES;
				CLANG_WARN_OBJC_ROOT_CLASS = YES_ERROR;
				CLANG_WARN_UNREACHABLE_CODE = YES;
				CLANG_WARN__DUPLICATE_METHOD_MATCH = YES;
				COPY_PHASE_STRIP = NO;
				DEBUG_INFORMATION_FORMAT = dwarf;
				ENABLE_STRICT_OBJC_MSGSEND = YES;
				ENABLE_TESTABILITY = YES;
				GCC_C_LANGUAGE_STANDARD = gnu99;
				GCC_DYNAMIC_NO_PIC = NO;
				GCC_NO_COMMON_BLOCKS = YES;
				GCC_OPTIMIZATION_LEVEL = 0;
				GCC_PREPROCESSOR_DEFINITIONS = (
					"DEBUG=1",
					"$(inherited)",
				);
				GCC_SYMBOLS_PRIVATE_EXTERN = NO;
				GCC_WARN_64_TO_32_BIT_CONVERSION = YES;
				GCC_WARN_ABOUT_RETURN_TYPE = YES_ERROR;
				GCC_WARN_UNDECLARED_SELECTOR = YES;
				GCC_WARN_UNINITIALIZED_AUTOS = YES_AGGRESSIVE;
				GCC_WARN_UNUSED_FUNCTION = YES;
				GCC_WARN_UNUSED_VARIABLE = YES;
				MACOSX_DEPLOYMENT_TARGET = 10.10;
				MTL_ENABLE_DEBUG_INFO = YES;
				ONLY_ACTIVE_ARCH = YES;
				SDKROOT = macosx;
			};
			name = Debug;
		};
		F92F7C0F1B15FB32003E7426 /* Release */ = {
			isa = XCBuildConfiguration;
			buildSettings = {
				ALWAYS_SEARCH_USER_PATHS = NO;
				CLANG_CXX_LANGUAGE_STANDARD = "gnu++0x";
				CLANG_CXX_LIBRARY = "libc++";
				CLANG_ENABLE_MODULES = YES;
				CLANG_ENABLE_OBJC_ARC = YES;
				CLANG_WARN_BOOL_CONVERSION = YES;
				CLANG_WARN_CONSTANT_CONVERSION = YES;
				CLANG_WARN_DIRECT_OBJC_ISA_USAGE = YES_ERROR;
				CLANG_WARN_EMPTY_BODY = YES;
				CLANG_WARN_ENUM_CONVERSION = YES;
				CLANG_WARN_INT_CONVERSION = YES;
				CLANG_WARN_OBJC_ROOT_CLASS = YES_ERROR;
				CLANG_WARN_UNREACHABLE_CODE = YES;
				CLANG_WARN__DUPLICATE_METHOD_MATCH = YES;
				COPY_PHASE_STRIP = NO;
				DEBUG_INFORMATION_FORMAT = "dwarf-with-dsym";
				ENABLE_NS_ASSERTIONS = NO;
				ENABLE_STRICT_OBJC_MSGSEND = YES;
				GCC_C_LANGUAGE_STANDARD = gnu99;
				GCC_NO_COMMON_BLOCKS = YES;
				GCC_WARN_64_TO_32_BIT_CONVERSION = YES;
				GCC_WARN_ABOUT_RETURN_TYPE = YES_ERROR;
				GCC_WARN_UNDECLARED_SELECTOR = YES;
				GCC_WARN_UNINITIALIZED_AUTOS = YES_AGGRESSIVE;
				GCC_WARN_UNUSED_FUNCTION = YES;
				GCC_WARN_UNUSED_VARIABLE = YES;
				MACOSX_DEPLOYMENT_TARGET = 10.10;
				MTL_ENABLE_DEBUG_INFO = NO;
				SDKROOT = macosx;
			};
			name = Release;
		};
		F92F7C111B15FB32003E7426 /* Debug */ = {
			isa = XCBuildConfiguration;
			buildSettings = {
				CLANG_CXX_LIBRARY = "compiler-default";
				HEADER_SEARCH_PATHS = (
					"$(inherited)",
					/Applications/Xcode.app/Contents/Developer/Toolchains/XcodeDefault.xctoolchain/usr/include,
					/usr/local/Cellar/opencv/2.4.10.1/include,
				);
				LIBRARY_SEARCH_PATHS = /usr/local/lib;
				OTHER_CFLAGS = "";
				PRODUCT_NAME = frame_number;
			};
			name = Debug;
		};
		F92F7C121B15FB32003E7426 /* Release */ = {
			isa = XCBuildConfiguration;
			buildSettings = {
				CLANG_CXX_LIBRARY = "compiler-default";
				HEADER_SEARCH_PATHS = (
					"$(inherited)",
					/Applications/Xcode.app/Contents/Developer/Toolchains/XcodeDefault.xctoolchain/usr/include,
					/usr/local/Cellar/opencv/2.4.10.1/include,
				);
				LIBRARY_SEARCH_PATHS = /usr/local/lib;
				OTHER_CFLAGS = "";
				PRODUCT_NAME = frame_number;
			};
			name = Release;
		};
/* End XCBuildConfiguration section */

/* Begin XCConfigurationList section */
		F92F7C041B15FB32003E7426 /* Build configuration list for PBXProject "frame_number" */ = {
			isa = XCConfigurationList;
			buildConfigurations = (
				F92F7C0E1B15FB32003E7426 /* Debug */,
				F92F7C0F1B15FB32003E7426 /* Release */,
			);
			defaultConfigurationIsVisible = 0;
			defaultConfigurationName = Release;
		};
		F92F7C101B15FB32003E7426 /* Build configuration list for PBXNativeTarget "frame_number" */ = {
			isa = XCConfigurationList;
			buildConfigurations = (
				F92F7C111B15FB32003E7426 /* Debug */,
				F92F7C121B15FB32003E7426 /* Release */,
			);
			defaultConfigurationIsVisible = 0;
			defaultConfigurationName = Release;
		};
/* End XCConfigurationList section */
	};
	rootObject = F92F7C011B15FB32003E7426 /* Project object */;
}
